// !$*UTF8*$!
{
	archiveVersion = 1;
	classes = {
	};
	objectVersion = 50;
	objects = {

/* Begin PBXBuildFile section */
		84C3111826EA401300B681FB /* TRDRApp.swift in Sources */ = {isa = PBXBuildFile; fileRef = 84C3111726EA401300B681FB /* TRDRApp.swift */; };
		84C3111A26EA401300B681FB /* ContentView.swift in Sources */ = {isa = PBXBuildFile; fileRef = 84C3111926EA401300B681FB /* ContentView.swift */; };
		84C3111C26EA401600B681FB /* Assets.xcassets in Resources */ = {isa = PBXBuildFile; fileRef = 84C3111B26EA401600B681FB /* Assets.xcassets */; };
		84C3111F26EA401600B681FB /* Preview Assets.xcassets in Resources */ = {isa = PBXBuildFile; fileRef = 84C3111E26EA401600B681FB /* Preview Assets.xcassets */; };
		84C3112A26EA401600B681FB /* TRDRTests.swift in Sources */ = {isa = PBXBuildFile; fileRef = 84C3112926EA401600B681FB /* TRDRTests.swift */; };
		84C3113526EA401600B681FB /* TRDRUITests.swift in Sources */ = {isa = PBXBuildFile; fileRef = 84C3113426EA401600B681FB /* TRDRUITests.swift */; };
/* End PBXBuildFile section */

/* Begin PBXContainerItemProxy section */
		84C3112626EA401600B681FB /* PBXContainerItemProxy */ = {
			isa = PBXContainerItemProxy;
			containerPortal = 84C3110C26EA401300B681FB /* Project object */;
			proxyType = 1;
			remoteGlobalIDString = 84C3111326EA401300B681FB;
			remoteInfo = TRDR;
		};
		84C3113126EA401600B681FB /* PBXContainerItemProxy */ = {
			isa = PBXContainerItemProxy;
			containerPortal = 84C3110C26EA401300B681FB /* Project object */;
			proxyType = 1;
			remoteGlobalIDString = 84C3111326EA401300B681FB;
			remoteInfo = TRDR;
		};
/* End PBXContainerItemProxy section */

/* Begin PBXFileReference section */
		84C3111426EA401300B681FB /* TRDR.app */ = {isa = PBXFileReference; explicitFileType = wrapper.application; includeInIndex = 0; path = TRDR.app; sourceTree = BUILT_PRODUCTS_DIR; };
		84C3111726EA401300B681FB /* TRDRApp.swift */ = {isa = PBXFileReference; lastKnownFileType = sourcecode.swift; path = TRDRApp.swift; sourceTree = "<group>"; };
		84C3111926EA401300B681FB /* ContentView.swift */ = {isa = PBXFileReference; lastKnownFileType = sourcecode.swift; path = ContentView.swift; sourceTree = "<group>"; };
		84C3111B26EA401600B681FB /* Assets.xcassets */ = {isa = PBXFileReference; lastKnownFileType = folder.assetcatalog; path = Assets.xcassets; sourceTree = "<group>"; };
		84C3111E26EA401600B681FB /* Preview Assets.xcassets */ = {isa = PBXFileReference; lastKnownFileType = folder.assetcatalog; path = "Preview Assets.xcassets"; sourceTree = "<group>"; };
		84C3112026EA401600B681FB /* Info.plist */ = {isa = PBXFileReference; lastKnownFileType = text.plist.xml; path = Info.plist; sourceTree = "<group>"; };
		84C3112526EA401600B681FB /* TRDRTests.xctest */ = {isa = PBXFileReference; explicitFileType = wrapper.cfbundle; includeInIndex = 0; path = TRDRTests.xctest; sourceTree = BUILT_PRODUCTS_DIR; };
		84C3112926EA401600B681FB /* TRDRTests.swift */ = {isa = PBXFileReference; lastKnownFileType = sourcecode.swift; path = TRDRTests.swift; sourceTree = "<group>"; };
		84C3112B26EA401600B681FB /* Info.plist */ = {isa = PBXFileReference; lastKnownFileType = text.plist.xml; path = Info.plist; sourceTree = "<group>"; };
		84C3113026EA401600B681FB /* TRDRUITests.xctest */ = {isa = PBXFileReference; explicitFileType = wrapper.cfbundle; includeInIndex = 0; path = TRDRUITests.xctest; sourceTree = BUILT_PRODUCTS_DIR; };
		84C3113426EA401600B681FB /* TRDRUITests.swift */ = {isa = PBXFileReference; lastKnownFileType = sourcecode.swift; path = TRDRUITests.swift; sourceTree = "<group>"; };
		84C3113626EA401600B681FB /* Info.plist */ = {isa = PBXFileReference; lastKnownFileType = text.plist.xml; path = Info.plist; sourceTree = "<group>"; };
/* End PBXFileReference section */

/* Begin PBXFrameworksBuildPhase section */
		84C3111126EA401300B681FB /* Frameworks */ = {
			isa = PBXFrameworksBuildPhase;
			buildActionMask = 2147483647;
			files = (
			);
			runOnlyForDeploymentPostprocessing = 0;
		};
		84C3112226EA401600B681FB /* Frameworks */ = {
			isa = PBXFrameworksBuildPhase;
			buildActionMask = 2147483647;
			files = (
			);
			runOnlyForDeploymentPostprocessing = 0;
		};
		84C3112D26EA401600B681FB /* Frameworks */ = {
			isa = PBXFrameworksBuildPhase;
			buildActionMask = 2147483647;
			files = (
			);
			runOnlyForDeploymentPostprocessing = 0;
		};
/* End PBXFrameworksBuildPhase section */

/* Begin PBXGroup section */
		84C3110B26EA401300B681FB = {
			isa = PBXGroup;
			children = (
				84C3111626EA401300B681FB /* TRDR */,
				84C3112826EA401600B681FB /* TRDRTests */,
				84C3113326EA401600B681FB /* TRDRUITests */,
				84C3111526EA401300B681FB /* Products */,
			);
			sourceTree = "<group>";
		};
		84C3111526EA401300B681FB /* Products */ = {
			isa = PBXGroup;
			children = (
				84C3111426EA401300B681FB /* TRDR.app */,
				84C3112526EA401600B681FB /* TRDRTests.xctest */,
				84C3113026EA401600B681FB /* TRDRUITests.xctest */,
			);
			name = Products;
			sourceTree = "<group>";
		};
		84C3111626EA401300B681FB /* TRDR */ = {
			isa = PBXGroup;
			children = (
				84C3111726EA401300B681FB /* TRDRApp.swift */,
				84C3111926EA401300B681FB /* ContentView.swift */,
				84C3111B26EA401600B681FB /* Assets.xcassets */,
				84C3112026EA401600B681FB /* Info.plist */,
				84C3111D26EA401600B681FB /* Preview Content */,
			);
			path = TRDR;
			sourceTree = "<group>";
		};
		84C3111D26EA401600B681FB /* Preview Content */ = {
			isa = PBXGroup;
			children = (
				84C3111E26EA401600B681FB /* Preview Assets.xcassets */,
			);
			path = "Preview Content";
			sourceTree = "<group>";
		};
		84C3112826EA401600B681FB /* TRDRTests */ = {
			isa = PBXGroup;
			children = (
				84C3112926EA401600B681FB /* TRDRTests.swift */,
				84C3112B26EA401600B681FB /* Info.plist */,
			);
			path = TRDRTests;
			sourceTree = "<group>";
		};
		84C3113326EA401600B681FB /* TRDRUITests */ = {
			isa = PBXGroup;
			children = (
				84C3113426EA401600B681FB /* TRDRUITests.swift */,
				84C3113626EA401600B681FB /* Info.plist */,
			);
			path = TRDRUITests;
			sourceTree = "<group>";
		};
/* End PBXGroup section */

/* Begin PBXNativeTarget section */
		84C3111326EA401300B681FB /* TRDR */ = {
			isa = PBXNativeTarget;
			buildConfigurationList = 84C3113926EA401600B681FB /* Build configuration list for PBXNativeTarget "TRDR" */;
			buildPhases = (
				84C3111026EA401300B681FB /* Sources */,
				84C3111126EA401300B681FB /* Frameworks */,
				84C3111226EA401300B681FB /* Resources */,
			);
			buildRules = (
			);
			dependencies = (
			);
			name = TRDR;
			productName = TRDR;
			productReference = 84C3111426EA401300B681FB /* TRDR.app */;
			productType = "com.apple.product-type.application";
		};
		84C3112426EA401600B681FB /* TRDRTests */ = {
			isa = PBXNativeTarget;
			buildConfigurationList = 84C3113C26EA401600B681FB /* Build configuration list for PBXNativeTarget "TRDRTests" */;
			buildPhases = (
				84C3112126EA401600B681FB /* Sources */,
				84C3112226EA401600B681FB /* Frameworks */,
				84C3112326EA401600B681FB /* Resources */,
			);
			buildRules = (
			);
			dependencies = (
				84C3112726EA401600B681FB /* PBXTargetDependency */,
			);
			name = TRDRTests;
			productName = TRDRTests;
			productReference = 84C3112526EA401600B681FB /* TRDRTests.xctest */;
			productType = "com.apple.product-type.bundle.unit-test";
		};
		84C3112F26EA401600B681FB /* TRDRUITests */ = {
			isa = PBXNativeTarget;
			buildConfigurationList = 84C3113F26EA401600B681FB /* Build configuration list for PBXNativeTarget "TRDRUITests" */;
			buildPhases = (
				84C3112C26EA401600B681FB /* Sources */,
				84C3112D26EA401600B681FB /* Frameworks */,
				84C3112E26EA401600B681FB /* Resources */,
			);
			buildRules = (
			);
			dependencies = (
				84C3113226EA401600B681FB /* PBXTargetDependency */,
			);
			name = TRDRUITests;
			productName = TRDRUITests;
			productReference = 84C3113026EA401600B681FB /* TRDRUITests.xctest */;
			productType = "com.apple.product-type.bundle.ui-testing";
		};
/* End PBXNativeTarget section */

/* Begin PBXProject section */
		84C3110C26EA401300B681FB /* Project object */ = {
			isa = PBXProject;
			attributes = {
				LastSwiftUpdateCheck = 1240;
				LastUpgradeCheck = 1240;
				TargetAttributes = {
					84C3111326EA401300B681FB = {
						CreatedOnToolsVersion = 12.4;
					};
					84C3112426EA401600B681FB = {
						CreatedOnToolsVersion = 12.4;
						TestTargetID = 84C3111326EA401300B681FB;
					};
					84C3112F26EA401600B681FB = {
						CreatedOnToolsVersion = 12.4;
						TestTargetID = 84C3111326EA401300B681FB;
					};
				};
			};
			buildConfigurationList = 84C3110F26EA401300B681FB /* Build configuration list for PBXProject "TRDR" */;
			compatibilityVersion = "Xcode 9.3";
			developmentRegion = en;
			hasScannedForEncodings = 0;
			knownRegions = (
				en,
				Base,
			);
			mainGroup = 84C3110B26EA401300B681FB;
			productRefGroup = 84C3111526EA401300B681FB /* Products */;
			projectDirPath = "";
			projectRoot = "";
			targets = (
				84C3111326EA401300B681FB /* TRDR */,
				84C3112426EA401600B681FB /* TRDRTests */,
				84C3112F26EA401600B681FB /* TRDRUITests */,
			);
		};
/* End PBXProject section */

/* Begin PBXResourcesBuildPhase section */
		84C3111226EA401300B681FB /* Resources */ = {
			isa = PBXResourcesBuildPhase;
			buildActionMask = 2147483647;
			files = (
				84C3111F26EA401600B681FB /* Preview Assets.xcassets in Resources */,
				84C3111C26EA401600B681FB /* Assets.xcassets in Resources */,
			);
			runOnlyForDeploymentPostprocessing = 0;
		};
		84C3112326EA401600B681FB /* Resources */ = {
			isa = PBXResourcesBuildPhase;
			buildActionMask = 2147483647;
			files = (
			);
			runOnlyForDeploymentPostprocessing = 0;
		};
		84C3112E26EA401600B681FB /* Resources */ = {
			isa = PBXResourcesBuildPhase;
			buildActionMask = 2147483647;
			files = (
			);
			runOnlyForDeploymentPostprocessing = 0;
		};
/* End PBXResourcesBuildPhase section */

/* Begin PBXSourcesBuildPhase section */
		84C3111026EA401300B681FB /* Sources */ = {
			isa = PBXSourcesBuildPhase;
			buildActionMask = 2147483647;
			files = (
				84C3111A26EA401300B681FB /* ContentView.swift in Sources */,
				84C3111826EA401300B681FB /* TRDRApp.swift in Sources */,
			);
			runOnlyForDeploymentPostprocessing = 0;
		};
		84C3112126EA401600B681FB /* Sources */ = {
			isa = PBXSourcesBuildPhase;
			buildActionMask = 2147483647;
			files = (
				84C3112A26EA401600B681FB /* TRDRTests.swift in Sources */,
			);
			runOnlyForDeploymentPostprocessing = 0;
		};
		84C3112C26EA401600B681FB /* Sources */ = {
			isa = PBXSourcesBuildPhase;
			buildActionMask = 2147483647;
			files = (
				84C3113526EA401600B681FB /* TRDRUITests.swift in Sources */,
			);
			runOnlyForDeploymentPostprocessing = 0;
		};
/* End PBXSourcesBuildPhase section */

/* Begin PBXTargetDependency section */
		84C3112726EA401600B681FB /* PBXTargetDependency */ = {
			isa = PBXTargetDependency;
			target = 84C3111326EA401300B681FB /* TRDR */;
			targetProxy = 84C3112626EA401600B681FB /* PBXContainerItemProxy */;
		};
		84C3113226EA401600B681FB /* PBXTargetDependency */ = {
			isa = PBXTargetDependency;
			target = 84C3111326EA401300B681FB /* TRDR */;
			targetProxy = 84C3113126EA401600B681FB /* PBXContainerItemProxy */;
		};
/* End PBXTargetDependency section */

/* Begin XCBuildConfiguration section */
		84C3113726EA401600B681FB /* Debug */ = {
			isa = XCBuildConfiguration;
			buildSettings = {
				ALWAYS_SEARCH_USER_PATHS = NO;
				CLANG_ANALYZER_NONNULL = YES;
				CLANG_ANALYZER_NUMBER_OBJECT_CONVERSION = YES_AGGRESSIVE;
				CLANG_CXX_LANGUAGE_STANDARD = "gnu++14";
				CLANG_CXX_LIBRARY = "libc++";
				CLANG_ENABLE_MODULES = YES;
				CLANG_ENABLE_OBJC_ARC = YES;
				CLANG_ENABLE_OBJC_WEAK = YES;
				CLANG_WARN_BLOCK_CAPTURE_AUTORELEASING = YES;
				CLANG_WARN_BOOL_CONVERSION = YES;
				CLANG_WARN_COMMA = YES;
				CLANG_WARN_CONSTANT_CONVERSION = YES;
				CLANG_WARN_DEPRECATED_OBJC_IMPLEMENTATIONS = YES;
				CLANG_WARN_DIRECT_OBJC_ISA_USAGE = YES_ERROR;
				CLANG_WARN_DOCUMENTATION_COMMENTS = YES;
				CLANG_WARN_EMPTY_BODY = YES;
				CLANG_WARN_ENUM_CONVERSION = YES;
				CLANG_WARN_INFINITE_RECURSION = YES;
				CLANG_WARN_INT_CONVERSION = YES;
				CLANG_WARN_NON_LITERAL_NULL_CONVERSION = YES;
				CLANG_WARN_OBJC_IMPLICIT_RETAIN_SELF = YES;
				CLANG_WARN_OBJC_LITERAL_CONVERSION = YES;
				CLANG_WARN_OBJC_ROOT_CLASS = YES_ERROR;
				CLANG_WARN_QUOTED_INCLUDE_IN_FRAMEWORK_HEADER = YES;
				CLANG_WARN_RANGE_LOOP_ANALYSIS = YES;
				CLANG_WARN_STRICT_PROTOTYPES = YES;
				CLANG_WARN_SUSPICIOUS_MOVE = YES;
				CLANG_WARN_UNGUARDED_AVAILABILITY = YES_AGGRESSIVE;
				CLANG_WARN_UNREACHABLE_CODE = YES;
				CLANG_WARN__DUPLICATE_METHOD_MATCH = YES;
				COPY_PHASE_STRIP = NO;
				DEBUG_INFORMATION_FORMAT = dwarf;
				ENABLE_STRICT_OBJC_MSGSEND = YES;
				ENABLE_TESTABILITY = YES;
				GCC_C_LANGUAGE_STANDARD = gnu11;
				GCC_DYNAMIC_NO_PIC = NO;
				GCC_NO_COMMON_BLOCKS = YES;
				GCC_OPTIMIZATION_LEVEL = 0;
				GCC_PREPROCESSOR_DEFINITIONS = (
					"DEBUG=1",
					"$(inherited)",
				);
				GCC_WARN_64_TO_32_BIT_CONVERSION = YES;
				GCC_WARN_ABOUT_RETURN_TYPE = YES_ERROR;
				GCC_WARN_UNDECLARED_SELECTOR = YES;
				GCC_WARN_UNINITIALIZED_AUTOS = YES_AGGRESSIVE;
				GCC_WARN_UNUSED_FUNCTION = YES;
				GCC_WARN_UNUSED_VARIABLE = YES;
				IPHONEOS_DEPLOYMENT_TARGET = 14.4;
				MTL_ENABLE_DEBUG_INFO = INCLUDE_SOURCE;
				MTL_FAST_MATH = YES;
				ONLY_ACTIVE_ARCH = YES;
				SDKROOT = iphoneos;
				SWIFT_ACTIVE_COMPILATION_CONDITIONS = DEBUG;
				SWIFT_OPTIMIZATION_LEVEL = "-Onone";
			};
			name = Debug;
		};
		84C3113826EA401600B681FB /* Release */ = {
			isa = XCBuildConfiguration;
			buildSettings = {
				ALWAYS_SEARCH_USER_PATHS = NO;
				CLANG_ANALYZER_NONNULL = YES;
				CLANG_ANALYZER_NUMBER_OBJECT_CONVERSION = YES_AGGRESSIVE;
				CLANG_CXX_LANGUAGE_STANDARD = "gnu++14";
				CLANG_CXX_LIBRARY = "libc++";
				CLANG_ENABLE_MODULES = YES;
				CLANG_ENABLE_OBJC_ARC = YES;
				CLANG_ENABLE_OBJC_WEAK = YES;
				CLANG_WARN_BLOCK_CAPTURE_AUTORELEASING = YES;
				CLANG_WARN_BOOL_CONVERSION = YES;
				CLANG_WARN_COMMA = YES;
				CLANG_WARN_CONSTANT_CONVERSION = YES;
				CLANG_WARN_DEPRECATED_OBJC_IMPLEMENTATIONS = YES;
				CLANG_WARN_DIRECT_OBJC_ISA_USAGE = YES_ERROR;
				CLANG_WARN_DOCUMENTATION_COMMENTS = YES;
				CLANG_WARN_EMPTY_BODY = YES;
				CLANG_WARN_ENUM_CONVERSION = YES;
				CLANG_WARN_INFINITE_RECURSION = YES;
				CLANG_WARN_INT_CONVERSION = YES;
				CLANG_WARN_NON_LITERAL_NULL_CONVERSION = YES;
				CLANG_WARN_OBJC_IMPLICIT_RETAIN_SELF = YES;
				CLANG_WARN_OBJC_LITERAL_CONVERSION = YES;
				CLANG_WARN_OBJC_ROOT_CLASS = YES_ERROR;
				CLANG_WARN_QUOTED_INCLUDE_IN_FRAMEWORK_HEADER = YES;
				CLANG_WARN_RANGE_LOOP_ANALYSIS = YES;
				CLANG_WARN_STRICT_PROTOTYPES = YES;
				CLANG_WARN_SUSPICIOUS_MOVE = YES;
				CLANG_WARN_UNGUARDED_AVAILABILITY = YES_AGGRESSIVE;
				CLANG_WARN_UNREACHABLE_CODE = YES;
				CLANG_WARN__DUPLICATE_METHOD_MATCH = YES;
				COPY_PHASE_STRIP = NO;
				DEBUG_INFORMATION_FORMAT = "dwarf-with-dsym";
				ENABLE_NS_ASSERTIONS = NO;
				ENABLE_STRICT_OBJC_MSGSEND = YES;
				GCC_C_LANGUAGE_STANDARD = gnu11;
				GCC_NO_COMMON_BLOCKS = YES;
				GCC_WARN_64_TO_32_BIT_CONVERSION = YES;
				GCC_WARN_ABOUT_RETURN_TYPE = YES_ERROR;
				GCC_WARN_UNDECLARED_SELECTOR = YES;
				GCC_WARN_UNINITIALIZED_AUTOS = YES_AGGRESSIVE;
				GCC_WARN_UNUSED_FUNCTION = YES;
				GCC_WARN_UNUSED_VARIABLE = YES;
				IPHONEOS_DEPLOYMENT_TARGET = 14.4;
				MTL_ENABLE_DEBUG_INFO = NO;
				MTL_FAST_MATH = YES;
				SDKROOT = iphoneos;
				SWIFT_COMPILATION_MODE = wholemodule;
				SWIFT_OPTIMIZATION_LEVEL = "-O";
				VALIDATE_PRODUCT = YES;
			};
			name = Release;
		};
		84C3113A26EA401600B681FB /* Debug */ = {
			isa = XCBuildConfiguration;
			buildSettings = {
				ASSETCATALOG_COMPILER_APPICON_NAME = AppIcon;
				ASSETCATALOG_COMPILER_GLOBAL_ACCENT_COLOR_NAME = AccentColor;
				CODE_SIGN_STYLE = Automatic;
				DEVELOPMENT_ASSET_PATHS = "\"TRDR/Preview Content\"";
				DEVELOPMENT_TEAM = 222U4Q6L4C;
				ENABLE_PREVIEWS = YES;
				INFOPLIST_FILE = TRDR/Info.plist;
				IPHONEOS_DEPLOYMENT_TARGET = 14.0;
				LD_RUNPATH_SEARCH_PATHS = (
					"$(inherited)",
					"@executable_path/Frameworks",
				);
				PRODUCT_BUNDLE_IDENTIFIER = TRDR.TRDR;
				PRODUCT_NAME = "$(TARGET_NAME)";
				SWIFT_VERSION = 5.0;
				TARGETED_DEVICE_FAMILY = "1,2";
			};
			name = Debug;
		};
		84C3113B26EA401600B681FB /* Release */ = {
			isa = XCBuildConfiguration;
			buildSettings = {
				ASSETCATALOG_COMPILER_APPICON_NAME = AppIcon;
				ASSETCATALOG_COMPILER_GLOBAL_ACCENT_COLOR_NAME = AccentColor;
				CODE_SIGN_STYLE = Automatic;
				DEVELOPMENT_ASSET_PATHS = "\"TRDR/Preview Content\"";
				DEVELOPMENT_TEAM = 222U4Q6L4C;
				ENABLE_PREVIEWS = YES;
				INFOPLIST_FILE = TRDR/Info.plist;
				IPHONEOS_DEPLOYMENT_TARGET = 14.0;
				LD_RUNPATH_SEARCH_PATHS = (
					"$(inherited)",
					"@executable_path/Frameworks",
				);
				PRODUCT_BUNDLE_IDENTIFIER = TRDR.TRDR;
				PRODUCT_NAME = "$(TARGET_NAME)";
				SWIFT_VERSION = 5.0;
				TARGETED_DEVICE_FAMILY = "1,2";
			};
			name = Release;
		};
		84C3113D26EA401600B681FB /* Debug */ = {
			isa = XCBuildConfiguration;
			buildSettings = {
				ALWAYS_EMBED_SWIFT_STANDARD_LIBRARIES = YES;
				BUNDLE_LOADER = "$(TEST_HOST)";
				CODE_SIGN_STYLE = Automatic;
				DEVELOPMENT_TEAM = 222U4Q6L4C;
				INFOPLIST_FILE = TRDRTests/Info.plist;
				IPHONEOS_DEPLOYMENT_TARGET = 14.0;
				LD_RUNPATH_SEARCH_PATHS = (
					"$(inherited)",
					"@executable_path/Frameworks",
					"@loader_path/Frameworks",
				);
				PRODUCT_BUNDLE_IDENTIFIER = TRDR.TRDRTests;
				PRODUCT_NAME = "$(TARGET_NAME)";
				SWIFT_VERSION = 5.0;
				TARGETED_DEVICE_FAMILY = "1,2";
				TEST_HOST = "$(BUILT_PRODUCTS_DIR)/TRDR.app/TRDR";
			};
			name = Debug;
		};
		84C3113E26EA401600B681FB /* Release */ = {
			isa = XCBuildConfiguration;
			buildSettings = {
				ALWAYS_EMBED_SWIFT_STANDARD_LIBRARIES = YES;
				BUNDLE_LOADER = "$(TEST_HOST)";
				CODE_SIGN_STYLE = Automatic;
				DEVELOPMENT_TEAM = 222U4Q6L4C;
				INFOPLIST_FILE = TRDRTests/Info.plist;
				IPHONEOS_DEPLOYMENT_TARGET = 14.0;
				LD_RUNPATH_SEARCH_PATHS = (
					"$(inherited)",
					"@executable_path/Frameworks",
					"@loader_path/Frameworks",
				);
				PRODUCT_BUNDLE_IDENTIFIER = TRDR.TRDRTests;
				PRODUCT_NAME = "$(TARGET_NAME)";
				SWIFT_VERSION = 5.0;
				TARGETED_DEVICE_FAMILY = "1,2";
				TEST_HOST = "$(BUILT_PRODUCTS_DIR)/TRDR.app/TRDR";
			};
			name = Release;
		};
		84C3114026EA401600B681FB /* Debug */ = {
			isa = XCBuildConfiguration;
			buildSettings = {
				ALWAYS_EMBED_SWIFT_STANDARD_LIBRARIES = YES;
				CODE_SIGN_STYLE = Automatic;
				DEVELOPMENT_TEAM = 222U4Q6L4C;
				INFOPLIST_FILE = TRDRUITests/Info.plist;
				LD_RUNPATH_SEARCH_PATHS = (
					"$(inherited)",
					"@executable_path/Frameworks",
					"@loader_path/Frameworks",
				);
				PRODUCT_BUNDLE_IDENTIFIER = TRDR.TRDRUITests;
				PRODUCT_NAME = "$(TARGET_NAME)";
				SWIFT_VERSION = 5.0;
				TARGETED_DEVICE_FAMILY = "1,2";
				TEST_TARGET_NAME = TRDR;
			};
			name = Debug;
		};
		84C3114126EA401600B681FB /* Release */ = {
			isa = XCBuildConfiguration;
			buildSettings = {
				ALWAYS_EMBED_SWIFT_STANDARD_LIBRARIES = YES;
				CODE_SIGN_STYLE = Automatic;
				DEVELOPMENT_TEAM = 222U4Q6L4C;
				INFOPLIST_FILE = TRDRUITests/Info.plist;
				LD_RUNPATH_SEARCH_PATHS = (
					"$(inherited)",
					"@executable_path/Frameworks",
					"@loader_path/Frameworks",
				);
				PRODUCT_BUNDLE_IDENTIFIER = TRDR.TRDRUITests;
				PRODUCT_NAME = "$(TARGET_NAME)";
				SWIFT_VERSION = 5.0;
				TARGETED_DEVICE_FAMILY = "1,2";
				TEST_TARGET_NAME = TRDR;
			};
			name = Release;
		};
/* End XCBuildConfiguration section */

/* Begin XCConfigurationList section */
		84C3110F26EA401300B681FB /* Build configuration list for PBXProject "TRDR" */ = {
			isa = XCConfigurationList;
			buildConfigurations = (
				84C3113726EA401600B681FB /* Debug */,
				84C3113826EA401600B681FB /* Release */,
			);
			defaultConfigurationIsVisible = 0;
			defaultConfigurationName = Release;
		};
		84C3113926EA401600B681FB /* Build configuration list for PBXNativeTarget "TRDR" */ = {
			isa = XCConfigurationList;
			buildConfigurations = (
				84C3113A26EA401600B681FB /* Debug */,
				84C3113B26EA401600B681FB /* Release */,
			);
			defaultConfigurationIsVisible = 0;
			defaultConfigurationName = Release;
		};
		84C3113C26EA401600B681FB /* Build configuration list for PBXNativeTarget "TRDRTests" */ = {
			isa = XCConfigurationList;
			buildConfigurations = (
				84C3113D26EA401600B681FB /* Debug */,
				84C3113E26EA401600B681FB /* Release */,
			);
			defaultConfigurationIsVisible = 0;
			defaultConfigurationName = Release;
		};
		84C3113F26EA401600B681FB /* Build configuration list for PBXNativeTarget "TRDRUITests" */ = {
			isa = XCConfigurationList;
			buildConfigurations = (
				84C3114026EA401600B681FB /* Debug */,
				84C3114126EA401600B681FB /* Release */,
			);
			defaultConfigurationIsVisible = 0;
			defaultConfigurationName = Release;
		};
/* End XCConfigurationList section */
	};
	rootObject = 84C3110C26EA401300B681FB /* Project object */;
}
